
Microsoft Visual Studio Solution File, Format Version 9.00
# Visual Studio 2005
Project("{8BC9CEB8-8B4A-11D0-8D11-00A0C91BC942}") = "WinHello", "WinHello\WinHello.vcproj", "{DE19142C-3F4F-496F-A778-531119C153BC}"
EndProject
Global
	GlobalSection(SolutionConfigurationPlatforms) = preSolution
		Debug|Win32 = Debug|Win32
		Release|Win32 = Release|Win32
	EndGlobalSection
	GlobalSection(ProjectConfigurationPlatforms) = postSolution
		{DE19142C-3F4F-496F-A778-531119C153BC}.Debug|Win32.ActiveCfg = Debug|Win32
		{DE19142C-3F4F-496F-A778-531119C153BC}.Debug|Win32.Build.0 = Debug|Win32
		{DE19142C-3F4F-496F-A778-531119C153BC}.Release|Win32.ActiveCfg = Release|Win32
		{DE19142C-3F4F-496F-A778-531119C153BC}.Release|Win32.Build.0 = Release|Win32
	EndGlobalSection
	GlobalSection(SolutionProperties) = preSolution
		HideSolutionNode = FALSE
	EndGlobalSection
EndGlobal
