Microsoft Visual Studio Solution File, Format Version 12.00
# Visual Studio 15
VisualStudioVersion = 15.0.27130.2003
MinimumVisualStudioVersion = 10.0.40219.1
Project("{8BC9CEB8-8B4A-11D0-8D11-00A0C91BC942}") = "pdb", "pdb.vcxproj", "{343E9778-3C04-476E-8F90-A114AA7AA108}"
EndProject
Global
	GlobalSection(SolutionConfigurationPlatforms) = preSolution
		Debug|Win32 = Debug|Win32
		Debug|x64 = Debug|x64
		Release|Win32 = Release|Win32
		Release|x64 = Release|x64
	EndGlobalSection
	GlobalSection(ProjectConfigurationPlatforms) = postSolution
		{343E9778-3C04-476E-8F90-A114AA7AA108}.Debug|Win32.ActiveCfg = Debug|x64
		{343E9778-3C04-476E-8F90-A114AA7AA108}.Debug|Win32.Build.0 = Debug|x64
		{343E9778-3C04-476E-8F90-A114AA7AA108}.Debug|x64.ActiveCfg = Debug|x64
		{343E9778-3C04-476E-8F90-A114AA7AA108}.Debug|x64.Build.0 = Debug|x64
		{343E9778-3C04-476E-8F90-A114AA7AA108}.Debug|x64.Deploy.0 = Debug|x64
		{343E9778-3C04-476E-8F90-A114AA7AA108}.Release|Win32.ActiveCfg = Release|x64
		{343E9778-3C04-476E-8F90-A114AA7AA108}.Release|Win32.Build.0 = Release|x64
		{343E9778-3C04-476E-8F90-A114AA7AA108}.Release|x64.ActiveCfg = Release|x64
		{343E9778-3C04-476E-8F90-A114AA7AA108}.Release|x64.Build.0 = Release|x64
		{343E9778-3C04-476E-8F90-A114AA7AA108}.Release|x64.Deploy.0 = Release|x64
	EndGlobalSection
	GlobalSection(SolutionProperties) = preSolution
		HideSolutionNode = FALSE
	EndGlobalSection
	GlobalSection(ExtensibilityGlobals) = postSolution
		SolutionGuid = {2D5E1779-9316-41CB-B7EF-C45F96BCD16C}
	EndGlobalSection
EndGlobal
